# THIS IS AN AUTOGENERATED FILE. DO NOT EDIT THIS FILE DIRECTLY.
# yarn lockfile v1


"@components/admin-lte@almasaeed2010/AdminLTE#2.3.3":
  version "2.3.3"
  resolved "https://codeload.github.com/almasaeed2010/AdminLTE/tar.gz/8db979795044412a2e2b4e9659788c23cb59fcd3"

"@components/moment@moment/moment#~2.10.6":
  version "2.10.6"
  resolved "https://codeload.github.com/moment/moment/tar.gz/f3fbef9d9875bbff340b527dbe3f1c447a942f69"
